
Microsoft Visual Studio Solution File, Format Version 12.00
# Visual Studio 15
VisualStudioVersion = 15.0.28010.2041
MinimumVisualStudioVersion = 10.0.40219.1
Project("{FAE04EC0-301F-11D3-BF4B-00C04F79EFBC}") = "PractiseForEx2", "PractiseForEx2\PractiseForEx2.csproj", "{16DBA50F-EEE8-4424-AA61-F78651F4A8C8}"
EndProject
Global
	GlobalSection(SolutionConfigurationPlatforms) = preSolution
		Debug|Any CPU = Debug|Any CPU
		Release|Any CPU = Release|Any CPU
	EndGlobalSection
	GlobalSection(ProjectConfigurationPlatforms) = postSolution
		{16DBA50F-EEE8-4424-AA61-F78651F4A8C8}.Debug|Any CPU.ActiveCfg = Debug|Any CPU
		{16DBA50F-EEE8-4424-AA61-F78651F4A8C8}.Debug|Any CPU.Build.0 = Debug|Any CPU
		{16DBA50F-EEE8-4424-AA61-F78651F4A8C8}.Release|Any CPU.ActiveCfg = Release|Any CPU
		{16DBA50F-EEE8-4424-AA61-F78651F4A8C8}.Release|Any CPU.Build.0 = Release|Any CPU
	EndGlobalSection
	GlobalSection(SolutionProperties) = preSolution
		HideSolutionNode = FALSE
	EndGlobalSection
	GlobalSection(ExtensibilityGlobals) = postSolution
		SolutionGuid = {2BF10B7B-3FA1-4CDC-BEBF-334E102D16F4}
	EndGlobalSection
EndGlobal
